
Microsoft Visual Studio Solution File, Format Version 12.00
Project("{FAE04EC0-301F-11D3-BF4B-00C04F79EFBC}") = "BlazorUI", "BlazorUI\BlazorUI.csproj", "{EC420FB3-B82C-4C46-9E48-A19D83EF2361}"
EndProject
Project("{FAE04EC0-301F-11D3-BF4B-00C04F79EFBC}") = "Entities", "Entities\Entities.csproj", "{E2481699-95D5-4182-90D6-00A3BB7E89A8}"
EndProject
Project("{FAE04EC0-301F-11D3-BF4B-00C04F79EFBC}") = "JsonDataAccess", "JsonDataAccess\JsonDataAccess.csproj", "{0AEA2E87-A758-4DDC-8801-ACE474739AD3}"
EndProject
Project("{FAE04EC0-301F-11D3-BF4B-00C04F79EFBC}") = "Contracts", "Contracts\Contracts.csproj", "{C64E3DF1-B890-40CE-84D0-5D99AEA6A92E}"
EndProject
Project("{FAE04EC0-301F-11D3-BF4B-00C04F79EFBC}") = "Application", "Application\Application.csproj", "{486BEA64-6E9F-45BD-95F0-081C08975D7C}"
EndProject
Global
	GlobalSection(SolutionConfigurationPlatforms) = preSolution
		Debug|Any CPU = Debug|Any CPU
		Release|Any CPU = Release|Any CPU
	EndGlobalSection
	GlobalSection(ProjectConfigurationPlatforms) = postSolution
		{EC420FB3-B82C-4C46-9E48-A19D83EF2361}.Debug|Any CPU.ActiveCfg = Debug|Any CPU
		{EC420FB3-B82C-4C46-9E48-A19D83EF2361}.Debug|Any CPU.Build.0 = Debug|Any CPU
		{EC420FB3-B82C-4C46-9E48-A19D83EF2361}.Release|Any CPU.ActiveCfg = Release|Any CPU
		{EC420FB3-B82C-4C46-9E48-A19D83EF2361}.Release|Any CPU.Build.0 = Release|Any CPU
		{E2481699-95D5-4182-90D6-00A3BB7E89A8}.Debug|Any CPU.ActiveCfg = Debug|Any CPU
		{E2481699-95D5-4182-90D6-00A3BB7E89A8}.Debug|Any CPU.Build.0 = Debug|Any CPU
		{E2481699-95D5-4182-90D6-00A3BB7E89A8}.Release|Any CPU.ActiveCfg = Release|Any CPU
		{E2481699-95D5-4182-90D6-00A3BB7E89A8}.Release|Any CPU.Build.0 = Release|Any CPU
		{0AEA2E87-A758-4DDC-8801-ACE474739AD3}.Debug|Any CPU.ActiveCfg = Debug|Any CPU
		{0AEA2E87-A758-4DDC-8801-ACE474739AD3}.Debug|Any CPU.Build.0 = Debug|Any CPU
		{0AEA2E87-A758-4DDC-8801-ACE474739AD3}.Release|Any CPU.ActiveCfg = Release|Any CPU
		{0AEA2E87-A758-4DDC-8801-ACE474739AD3}.Release|Any CPU.Build.0 = Release|Any CPU
		{C64E3DF1-B890-40CE-84D0-5D99AEA6A92E}.Debug|Any CPU.ActiveCfg = Debug|Any CPU
		{C64E3DF1-B890-40CE-84D0-5D99AEA6A92E}.Debug|Any CPU.Build.0 = Debug|Any CPU
		{C64E3DF1-B890-40CE-84D0-5D99AEA6A92E}.Release|Any CPU.ActiveCfg = Release|Any CPU
		{C64E3DF1-B890-40CE-84D0-5D99AEA6A92E}.Release|Any CPU.Build.0 = Release|Any CPU
		{486BEA64-6E9F-45BD-95F0-081C08975D7C}.Debug|Any CPU.ActiveCfg = Debug|Any CPU
		{486BEA64-6E9F-45BD-95F0-081C08975D7C}.Debug|Any CPU.Build.0 = Debug|Any CPU
		{486BEA64-6E9F-45BD-95F0-081C08975D7C}.Release|Any CPU.ActiveCfg = Release|Any CPU
		{486BEA64-6E9F-45BD-95F0-081C08975D7C}.Release|Any CPU.Build.0 = Release|Any CPU
	EndGlobalSection
EndGlobal
