
Microsoft Visual Studio Solution File, Format Version 12.00
Project("{FAE04EC0-301F-11D3-BF4B-00C04F79EFBC}") = "BlazorUI", "BlazorUI\BlazorUI.csproj", "{EC420FB3-B82C-4C46-9E48-A19D83EF2361}"
EndProject
Project("{FAE04EC0-301F-11D3-BF4B-00C04F79EFBC}") = "Entities", "Entities\Entities.csproj", "{E2481699-95D5-4182-90D6-00A3BB7E89A8}"
EndProject
Project("{FAE04EC0-301F-11D3-BF4B-00C04F79EFBC}") = "JsonDataAccess", "JsonDataAccess\JsonDataAccess.csproj", "{0AEA2E87-A758-4DDC-8801-ACE474739AD3}"
EndProject
Project("{FAE04EC0-301F-11D3-BF4B-00C04F79EFBC}") = "Application", "Application\Application.csproj", "{486BEA64-6E9F-45BD-95F0-081C08975D7C}"
EndProject
Project("{FAE04EC0-301F-11D3-BF4B-00C04F79EFBC}") = "Contracts", "Contracts\Contracts.csproj", "{6CE380BF-C324-4D0F-A9B9-35BCB93455DC}"
EndProject
Project("{FAE04EC0-301F-11D3-BF4B-00C04F79EFBC}") = "WebAPI", "WebAPI\WebAPI.csproj", "{51DFC4DF-7CFE-44BF-BB6E-9C7D78B89F57}"
EndProject
Project("{FAE04EC0-301F-11D3-BF4B-00C04F79EFBC}") = "RestClient", "RestClient\RestClient.csproj", "{A2EC2CBE-33B0-4E85-8B7F-00D120213465}"
EndProject
Global
	GlobalSection(SolutionConfigurationPlatforms) = preSolution
		Debug|Any CPU = Debug|Any CPU
		Release|Any CPU = Release|Any CPU
	EndGlobalSection
	GlobalSection(ProjectConfigurationPlatforms) = postSolution
		{EC420FB3-B82C-4C46-9E48-A19D83EF2361}.Debug|Any CPU.ActiveCfg = Debug|Any CPU
		{EC420FB3-B82C-4C46-9E48-A19D83EF2361}.Debug|Any CPU.Build.0 = Debug|Any CPU
		{EC420FB3-B82C-4C46-9E48-A19D83EF2361}.Release|Any CPU.ActiveCfg = Release|Any CPU
		{EC420FB3-B82C-4C46-9E48-A19D83EF2361}.Release|Any CPU.Build.0 = Release|Any CPU
		{E2481699-95D5-4182-90D6-00A3BB7E89A8}.Debug|Any CPU.ActiveCfg = Debug|Any CPU
		{E2481699-95D5-4182-90D6-00A3BB7E89A8}.Debug|Any CPU.Build.0 = Debug|Any CPU
		{E2481699-95D5-4182-90D6-00A3BB7E89A8}.Release|Any CPU.ActiveCfg = Release|Any CPU
		{E2481699-95D5-4182-90D6-00A3BB7E89A8}.Release|Any CPU.Build.0 = Release|Any CPU
		{0AEA2E87-A758-4DDC-8801-ACE474739AD3}.Debug|Any CPU.ActiveCfg = Debug|Any CPU
		{0AEA2E87-A758-4DDC-8801-ACE474739AD3}.Debug|Any CPU.Build.0 = Debug|Any CPU
		{0AEA2E87-A758-4DDC-8801-ACE474739AD3}.Release|Any CPU.ActiveCfg = Release|Any CPU
		{0AEA2E87-A758-4DDC-8801-ACE474739AD3}.Release|Any CPU.Build.0 = Release|Any CPU
		{486BEA64-6E9F-45BD-95F0-081C08975D7C}.Debug|Any CPU.ActiveCfg = Debug|Any CPU
		{486BEA64-6E9F-45BD-95F0-081C08975D7C}.Debug|Any CPU.Build.0 = Debug|Any CPU
		{486BEA64-6E9F-45BD-95F0-081C08975D7C}.Release|Any CPU.ActiveCfg = Release|Any CPU
		{486BEA64-6E9F-45BD-95F0-081C08975D7C}.Release|Any CPU.Build.0 = Release|Any CPU
		{6CE380BF-C324-4D0F-A9B9-35BCB93455DC}.Debug|Any CPU.ActiveCfg = Debug|Any CPU
		{6CE380BF-C324-4D0F-A9B9-35BCB93455DC}.Debug|Any CPU.Build.0 = Debug|Any CPU
		{6CE380BF-C324-4D0F-A9B9-35BCB93455DC}.Release|Any CPU.ActiveCfg = Release|Any CPU
		{6CE380BF-C324-4D0F-A9B9-35BCB93455DC}.Release|Any CPU.Build.0 = Release|Any CPU
		{51DFC4DF-7CFE-44BF-BB6E-9C7D78B89F57}.Debug|Any CPU.ActiveCfg = Debug|Any CPU
		{51DFC4DF-7CFE-44BF-BB6E-9C7D78B89F57}.Debug|Any CPU.Build.0 = Debug|Any CPU
		{51DFC4DF-7CFE-44BF-BB6E-9C7D78B89F57}.Release|Any CPU.ActiveCfg = Release|Any CPU
		{51DFC4DF-7CFE-44BF-BB6E-9C7D78B89F57}.Release|Any CPU.Build.0 = Release|Any CPU
		{A2EC2CBE-33B0-4E85-8B7F-00D120213465}.Debug|Any CPU.ActiveCfg = Debug|Any CPU
		{A2EC2CBE-33B0-4E85-8B7F-00D120213465}.Debug|Any CPU.Build.0 = Debug|Any CPU
		{A2EC2CBE-33B0-4E85-8B7F-00D120213465}.Release|Any CPU.ActiveCfg = Release|Any CPU
		{A2EC2CBE-33B0-4E85-8B7F-00D120213465}.Release|Any CPU.Build.0 = Release|Any CPU
	EndGlobalSection
EndGlobal
